Microsoft Visual Studio Solution File, Format Version 11.00
# Visual Studio 2008

Project("{94560420-2D16-55F3-5DE7-B38D62AD4ECD}") = "Astral Titans", "Assembly-CSharp.csproj", "{7CAD6ABA-7A60-93D0-818B-D4B30EB5D5AF}"
EndProject
Global
	GlobalSection(SolutionConfigurationPlatforms) = preSolution
		Debug|Any CPU = Debug|Any CPU
		Release|Any CPU = Release|Any CPU
	EndGlobalSection
	GlobalSection(ProjectConfigurationPlatforms) = postSolution
		{7CAD6ABA-7A60-93D0-818B-D4B30EB5D5AF}.Debug|Any CPU.ActiveCfg = Debug|Any CPU
		{7CAD6ABA-7A60-93D0-818B-D4B30EB5D5AF}.Debug|Any CPU.Build.0 = Debug|Any CPU
		{7CAD6ABA-7A60-93D0-818B-D4B30EB5D5AF}.Release|Any CPU.ActiveCfg = Release|Any CPU
		{7CAD6ABA-7A60-93D0-818B-D4B30EB5D5AF}.Release|Any CPU.Build.0 = Release|Any CPU
	EndGlobalSection
	GlobalSection(SolutionProperties) = preSolution
		HideSolutionNode = FALSE
	EndGlobalSection
	GlobalSection(MonoDevelopProperties) = preSolution
		StartupItem = Assembly-CSharp.csproj
	EndGlobalSection
EndGlobal
